
Microsoft Visual Studio Solution File, Format Version 12.00
# Visual Studio Version 17
VisualStudioVersion = 17.0.31903.59
MinimumVisualStudioVersion = 10.0.40219.1
Project("{2150E333-8FDC-42A3-9474-1A3956D46DE8}") = "src", "src", "{34755245-E90C-4357-B79F-D869157D61BE}"
EndProject
Project("{FAE04EC0-301F-11D3-BF4B-00C04F79EFBC}") = "PulsNet.Web", "src\PulsNet.Web\PulsNet.Web.csproj", "{9BE7CEC6-009C-4760-9960-B66DD1CF78CF}"
EndProject
Project("{2150E333-8FDC-42A3-9474-1A3956D46DE8}") = "tests", "tests", "{8CBE7813-C0C1-42EE-AEF0-B46C99992320}"
EndProject
Project("{FAE04EC0-301F-11D3-BF4B-00C04F79EFBC}") = "PulsNet.Tests", "tests\PulsNet.Tests\PulsNet.Tests.csproj", "{48A0BC1D-1E19-4E06-B655-82375E032633}"
EndProject
Global
	GlobalSection(SolutionConfigurationPlatforms) = preSolution
		Debug|Any CPU = Debug|Any CPU
		Release|Any CPU = Release|Any CPU
	EndGlobalSection
	GlobalSection(SolutionProperties) = preSolution
		HideSolutionNode = FALSE
	EndGlobalSection
	GlobalSection(ProjectConfigurationPlatforms) = postSolution
		{9BE7CEC6-009C-4760-9960-B66DD1CF78CF}.Debug|Any CPU.ActiveCfg = Debug|Any CPU
		{9BE7CEC6-009C-4760-9960-B66DD1CF78CF}.Debug|Any CPU.Build.0 = Debug|Any CPU
		{9BE7CEC6-009C-4760-9960-B66DD1CF78CF}.Release|Any CPU.ActiveCfg = Release|Any CPU
		{9BE7CEC6-009C-4760-9960-B66DD1CF78CF}.Release|Any CPU.Build.0 = Release|Any CPU
		{48A0BC1D-1E19-4E06-B655-82375E032633}.Debug|Any CPU.ActiveCfg = Debug|Any CPU
		{48A0BC1D-1E19-4E06-B655-82375E032633}.Debug|Any CPU.Build.0 = Debug|Any CPU
		{48A0BC1D-1E19-4E06-B655-82375E032633}.Release|Any CPU.ActiveCfg = Release|Any CPU
		{48A0BC1D-1E19-4E06-B655-82375E032633}.Release|Any CPU.Build.0 = Release|Any CPU
	EndGlobalSection
	GlobalSection(NestedProjects) = preSolution
		{9BE7CEC6-009C-4760-9960-B66DD1CF78CF} = {34755245-E90C-4357-B79F-D869157D61BE}
		{48A0BC1D-1E19-4E06-B655-82375E032633} = {8CBE7813-C0C1-42EE-AEF0-B46C99992320}
	EndGlobalSection
EndGlobal
